
Microsoft Visual Studio Solution File, Format Version 12.00
# Visual Studio 15
VisualStudioVersion = 15.0.27004.2009
MinimumVisualStudioVersion = 10.0.40219.1
Project("{2150E333-8FDC-42A3-9474-1A3956D46DE8}") = "Chapter_03", "Chapter_03", "{483E0E30-DA34-4B82-BEE1-CBF1C1F0E160}"
EndProject
Project("{2150E333-8FDC-42A3-9474-1A3956D46DE8}") = "Chapter_04", "Chapter_04", "{1B9A0B60-03A9-4B9B-9BFB-B448130F5D41}"
EndProject
Project("{2150E333-8FDC-42A3-9474-1A3956D46DE8}") = "Chapter_05", "Chapter_05", "{024FCBA3-342D-4AB7-A96E-813CA1466E84}"
EndProject
Project("{2150E333-8FDC-42A3-9474-1A3956D46DE8}") = "Chapter_06", "Chapter_06", "{47A7D19B-1BFA-4274-890C-56C34BDCE42B}"
EndProject
Project("{2150E333-8FDC-42A3-9474-1A3956D46DE8}") = "Chapter_07", "Chapter_07", "{05AA68AB-E0B3-421E-B792-C34B46531EC5}"
EndProject
Project("{2150E333-8FDC-42A3-9474-1A3956D46DE8}") = "Chapter_08", "Chapter_08", "{A7402DF6-1B0A-4F5D-901F-B88F6154A581}"
EndProject
Project("{2150E333-8FDC-42A3-9474-1A3956D46DE8}") = "Chapter_09", "Chapter_09", "{F784240B-7927-4353-9701-F92A1A9F924E}"
EndProject
Project("{2150E333-8FDC-42A3-9474-1A3956D46DE8}") = "Chapter_10", "Chapter_10", "{DB1EEF6D-4C96-4BBF-B92D-AFC8DE95FA13}"
EndProject
Project("{2150E333-8FDC-42A3-9474-1A3956D46DE8}") = "Chapter_11", "Chapter_11", "{120F02EB-60AB-4984-9675-B3102D1DA4CE}"
EndProject
Project("{2150E333-8FDC-42A3-9474-1A3956D46DE8}") = "Chapter_12", "Chapter_12", "{C8D53ADF-320D-4972-9ED0-366299EA7707}"
EndProject
Project("{2150E333-8FDC-42A3-9474-1A3956D46DE8}") = "Chapter_13", "Chapter_13", "{080EBBE6-6D6B-4228-8869-A383C2C0785C}"
EndProject
Project("{2150E333-8FDC-42A3-9474-1A3956D46DE8}") = "Chapter_14", "Chapter_14", "{B7A84BAC-AEE5-42A4-A7A9-2C2D006BED53}"
EndProject
Project("{2150E333-8FDC-42A3-9474-1A3956D46DE8}") = "Chapter_15", "Chapter_15", "{B90C27A4-E578-43D2-A334-027290047500}"
EndProject
Project("{2150E333-8FDC-42A3-9474-1A3956D46DE8}") = "Chapter_02", "Chapter_02", "{0B9396C9-72CD-429D-B49B-203F7B532259}"
EndProject
Project("{FAE04EC0-301F-11D3-BF4B-00C04F79EFBC}") = "HelloWorld", "Chapter_03\HelloWorld\HelloWorld.csproj", "{8FE00301-5568-43A5-A995-CA173E8D4F98}"
EndProject
Project("{2150E333-8FDC-42A3-9474-1A3956D46DE8}") = "Common", "Common", "{AE4A5E3E-47CF-4C0C-A3C8-0C15C1944F0C}"
EndProject
Project("{FAE04EC0-301F-11D3-BF4B-00C04F79EFBC}") = "MixedReality.Common", "Common\MixedReality.Common\MixedReality.Common.csproj", "{619777D3-FEDE-45B5-B4F3-017B514BDA02}"
EndProject
Project("{FAE04EC0-301F-11D3-BF4B-00C04F79EFBC}") = "UWP.Basics", "Chapter_04\UWP.Basics\UWP.Basics.csproj", "{092B386E-4C9C-4426-A7FF-0F1C93FF8909}"
EndProject
Project("{FAE04EC0-301F-11D3-BF4B-00C04F79EFBC}") = "MediaControls.Video", "Chapter_05\MediaControls.Video\MediaControls.Video.csproj", "{AE2AD0D8-E6F9-4E12-8E5E-D3385C10E2BE}"
EndProject
Project("{FAE04EC0-301F-11D3-BF4B-00C04F79EFBC}") = "MediaControls.Audio", "Chapter_05\MediaControls.Audio\MediaControls.Audio.csproj", "{95F9D9E5-2C8F-4554-8A10-6985C9A04B7D}"
EndProject
Project("{FAE04EC0-301F-11D3-BF4B-00C04F79EFBC}") = "Communication.Provider", "Chapter_07\Communication.Provider\Communication.Provider.csproj", "{BEBE9B30-805F-47BF-86EF-667BD7438EED}"
EndProject
Project("{FAE04EC0-301F-11D3-BF4B-00C04F79EFBC}") = "Communication.Consumer", "Chapter_07\Communication.Consumer\Communication.Consumer.csproj", "{400909A0-931B-4859-BFBD-0E0EA41315C6}"
EndProject
Project("{FAE04EC0-301F-11D3-BF4B-00C04F79EFBC}") = "VisionAssistant", "Chapter_06\VisionAssistant\VisionAssistant.csproj", "{BE0C8201-1655-45C2-9DA7-ACEBAF0D4125}"
EndProject
Project("{8BC9CEB8-8B4A-11D0-8D11-00A0C91BC942}") = "HolographicAppDirectX", "Chapter_02\HolographicAppDirectX\HolographicAppDirectX.vcxproj", "{D59A1B24-A8A3-4A8A-821B-78B5547E4020}"
EndProject
Project("{FAE04EC0-301F-11D3-BF4B-00C04F79EFBC}") = "HolographicAppSharpDX", "Chapter_02\HolographicAppSharpDX\HolographicAppSharpDX.csproj", "{0010BDCA-C398-40ED-BC60-E5CBD3A83A1D}"
EndProject
Project("{FAE04EC0-301F-11D3-BF4B-00C04F79EFBC}") = "ExploringUrhoSharp", "Chapter_15\ExploringUrhoSharp\ExploringUrhoSharp.csproj", "{B0338C0D-A1B3-41D8-BA25-E1CDAB52DD44}"
EndProject
Global
	GlobalSection(SolutionConfigurationPlatforms) = preSolution
		Debug|Any CPU = Debug|Any CPU
		Debug|ARM = Debug|ARM
		Debug|x64 = Debug|x64
		Debug|x86 = Debug|x86
		Master|Any CPU = Master|Any CPU
		Master|ARM = Master|ARM
		Master|x64 = Master|x64
		Master|x86 = Master|x86
		Release|Any CPU = Release|Any CPU
		Release|ARM = Release|ARM
		Release|x64 = Release|x64
		Release|x86 = Release|x86
	EndGlobalSection
	GlobalSection(ProjectConfigurationPlatforms) = postSolution
		{8FE00301-5568-43A5-A995-CA173E8D4F98}.Debug|Any CPU.ActiveCfg = Debug|x86
		{8FE00301-5568-43A5-A995-CA173E8D4F98}.Debug|Any CPU.Build.0 = Debug|x86
		{8FE00301-5568-43A5-A995-CA173E8D4F98}.Debug|Any CPU.Deploy.0 = Debug|x86
		{8FE00301-5568-43A5-A995-CA173E8D4F98}.Debug|ARM.ActiveCfg = Debug|ARM
		{8FE00301-5568-43A5-A995-CA173E8D4F98}.Debug|ARM.Build.0 = Debug|ARM
		{8FE00301-5568-43A5-A995-CA173E8D4F98}.Debug|ARM.Deploy.0 = Debug|ARM
		{8FE00301-5568-43A5-A995-CA173E8D4F98}.Debug|x64.ActiveCfg = Debug|x64
		{8FE00301-5568-43A5-A995-CA173E8D4F98}.Debug|x64.Build.0 = Debug|x64
		{8FE00301-5568-43A5-A995-CA173E8D4F98}.Debug|x64.Deploy.0 = Debug|x64
		{8FE00301-5568-43A5-A995-CA173E8D4F98}.Debug|x86.ActiveCfg = Debug|x86
		{8FE00301-5568-43A5-A995-CA173E8D4F98}.Debug|x86.Build.0 = Debug|x86
		{8FE00301-5568-43A5-A995-CA173E8D4F98}.Debug|x86.Deploy.0 = Debug|x86
		{8FE00301-5568-43A5-A995-CA173E8D4F98}.Master|Any CPU.ActiveCfg = Release|x64
		{8FE00301-5568-43A5-A995-CA173E8D4F98}.Master|Any CPU.Build.0 = Release|x64
		{8FE00301-5568-43A5-A995-CA173E8D4F98}.Master|Any CPU.Deploy.0 = Release|x64
		{8FE00301-5568-43A5-A995-CA173E8D4F98}.Master|ARM.ActiveCfg = Release|ARM
		{8FE00301-5568-43A5-A995-CA173E8D4F98}.Master|ARM.Build.0 = Release|ARM
		{8FE00301-5568-43A5-A995-CA173E8D4F98}.Master|ARM.Deploy.0 = Release|ARM
		{8FE00301-5568-43A5-A995-CA173E8D4F98}.Master|x64.ActiveCfg = Release|x64
		{8FE00301-5568-43A5-A995-CA173E8D4F98}.Master|x64.Build.0 = Release|x64
		{8FE00301-5568-43A5-A995-CA173E8D4F98}.Master|x64.Deploy.0 = Release|x64
		{8FE00301-5568-43A5-A995-CA173E8D4F98}.Master|x86.ActiveCfg = Release|x86
		{8FE00301-5568-43A5-A995-CA173E8D4F98}.Master|x86.Build.0 = Release|x86
		{8FE00301-5568-43A5-A995-CA173E8D4F98}.Master|x86.Deploy.0 = Release|x86
		{8FE00301-5568-43A5-A995-CA173E8D4F98}.Release|Any CPU.ActiveCfg = Release|x86
		{8FE00301-5568-43A5-A995-CA173E8D4F98}.Release|ARM.ActiveCfg = Release|ARM
		{8FE00301-5568-43A5-A995-CA173E8D4F98}.Release|ARM.Build.0 = Release|ARM
		{8FE00301-5568-43A5-A995-CA173E8D4F98}.Release|ARM.Deploy.0 = Release|ARM
		{8FE00301-5568-43A5-A995-CA173E8D4F98}.Release|x64.ActiveCfg = Release|x64
		{8FE00301-5568-43A5-A995-CA173E8D4F98}.Release|x64.Build.0 = Release|x64
		{8FE00301-5568-43A5-A995-CA173E8D4F98}.Release|x64.Deploy.0 = Release|x64
		{8FE00301-5568-43A5-A995-CA173E8D4F98}.Release|x86.ActiveCfg = Release|x86
		{8FE00301-5568-43A5-A995-CA173E8D4F98}.Release|x86.Build.0 = Release|x86
		{8FE00301-5568-43A5-A995-CA173E8D4F98}.Release|x86.Deploy.0 = Release|x86
		{619777D3-FEDE-45B5-B4F3-017B514BDA02}.Debug|Any CPU.ActiveCfg = Debug|Any CPU
		{619777D3-FEDE-45B5-B4F3-017B514BDA02}.Debug|Any CPU.Build.0 = Debug|Any CPU
		{619777D3-FEDE-45B5-B4F3-017B514BDA02}.Debug|ARM.ActiveCfg = Debug|ARM
		{619777D3-FEDE-45B5-B4F3-017B514BDA02}.Debug|ARM.Build.0 = Debug|ARM
		{619777D3-FEDE-45B5-B4F3-017B514BDA02}.Debug|x64.ActiveCfg = Debug|x64
		{619777D3-FEDE-45B5-B4F3-017B514BDA02}.Debug|x64.Build.0 = Debug|x64
		{619777D3-FEDE-45B5-B4F3-017B514BDA02}.Debug|x86.ActiveCfg = Debug|x86
		{619777D3-FEDE-45B5-B4F3-017B514BDA02}.Debug|x86.Build.0 = Debug|x86
		{619777D3-FEDE-45B5-B4F3-017B514BDA02}.Master|Any CPU.ActiveCfg = Release|Any CPU
		{619777D3-FEDE-45B5-B4F3-017B514BDA02}.Master|Any CPU.Build.0 = Release|Any CPU
		{619777D3-FEDE-45B5-B4F3-017B514BDA02}.Master|ARM.ActiveCfg = Release|ARM
		{619777D3-FEDE-45B5-B4F3-017B514BDA02}.Master|ARM.Build.0 = Release|ARM
		{619777D3-FEDE-45B5-B4F3-017B514BDA02}.Master|x64.ActiveCfg = Release|x64
		{619777D3-FEDE-45B5-B4F3-017B514BDA02}.Master|x64.Build.0 = Release|x64
		{619777D3-FEDE-45B5-B4F3-017B514BDA02}.Master|x86.ActiveCfg = Release|x86
		{619777D3-FEDE-45B5-B4F3-017B514BDA02}.Master|x86.Build.0 = Release|x86
		{619777D3-FEDE-45B5-B4F3-017B514BDA02}.Release|Any CPU.ActiveCfg = Release|Any CPU
		{619777D3-FEDE-45B5-B4F3-017B514BDA02}.Release|Any CPU.Build.0 = Release|Any CPU
		{619777D3-FEDE-45B5-B4F3-017B514BDA02}.Release|ARM.ActiveCfg = Release|ARM
		{619777D3-FEDE-45B5-B4F3-017B514BDA02}.Release|ARM.Build.0 = Release|ARM
		{619777D3-FEDE-45B5-B4F3-017B514BDA02}.Release|x64.ActiveCfg = Release|x64
		{619777D3-FEDE-45B5-B4F3-017B514BDA02}.Release|x64.Build.0 = Release|x64
		{619777D3-FEDE-45B5-B4F3-017B514BDA02}.Release|x86.ActiveCfg = Release|x86
		{619777D3-FEDE-45B5-B4F3-017B514BDA02}.Release|x86.Build.0 = Release|x86
		{092B386E-4C9C-4426-A7FF-0F1C93FF8909}.Debug|Any CPU.ActiveCfg = Debug|x86
		{092B386E-4C9C-4426-A7FF-0F1C93FF8909}.Debug|Any CPU.Build.0 = Debug|x86
		{092B386E-4C9C-4426-A7FF-0F1C93FF8909}.Debug|Any CPU.Deploy.0 = Debug|x86
		{092B386E-4C9C-4426-A7FF-0F1C93FF8909}.Debug|ARM.ActiveCfg = Debug|ARM
		{092B386E-4C9C-4426-A7FF-0F1C93FF8909}.Debug|ARM.Build.0 = Debug|ARM
		{092B386E-4C9C-4426-A7FF-0F1C93FF8909}.Debug|ARM.Deploy.0 = Debug|ARM
		{092B386E-4C9C-4426-A7FF-0F1C93FF8909}.Debug|x64.ActiveCfg = Debug|x64
		{092B386E-4C9C-4426-A7FF-0F1C93FF8909}.Debug|x64.Build.0 = Debug|x64
		{092B386E-4C9C-4426-A7FF-0F1C93FF8909}.Debug|x64.Deploy.0 = Debug|x64
		{092B386E-4C9C-4426-A7FF-0F1C93FF8909}.Debug|x86.ActiveCfg = Debug|x86
		{092B386E-4C9C-4426-A7FF-0F1C93FF8909}.Debug|x86.Build.0 = Debug|x86
		{092B386E-4C9C-4426-A7FF-0F1C93FF8909}.Debug|x86.Deploy.0 = Debug|x86
		{092B386E-4C9C-4426-A7FF-0F1C93FF8909}.Master|Any CPU.ActiveCfg = Release|x64
		{092B386E-4C9C-4426-A7FF-0F1C93FF8909}.Master|Any CPU.Build.0 = Release|x64
		{092B386E-4C9C-4426-A7FF-0F1C93FF8909}.Master|Any CPU.Deploy.0 = Release|x64
		{092B386E-4C9C-4426-A7FF-0F1C93FF8909}.Master|ARM.ActiveCfg = Release|ARM
		{092B386E-4C9C-4426-A7FF-0F1C93FF8909}.Master|ARM.Build.0 = Release|ARM
		{092B386E-4C9C-4426-A7FF-0F1C93FF8909}.Master|ARM.Deploy.0 = Release|ARM
		{092B386E-4C9C-4426-A7FF-0F1C93FF8909}.Master|x64.ActiveCfg = Release|x64
		{092B386E-4C9C-4426-A7FF-0F1C93FF8909}.Master|x64.Build.0 = Release|x64
		{092B386E-4C9C-4426-A7FF-0F1C93FF8909}.Master|x64.Deploy.0 = Release|x64
		{092B386E-4C9C-4426-A7FF-0F1C93FF8909}.Master|x86.ActiveCfg = Release|x86
		{092B386E-4C9C-4426-A7FF-0F1C93FF8909}.Master|x86.Build.0 = Release|x86
		{092B386E-4C9C-4426-A7FF-0F1C93FF8909}.Master|x86.Deploy.0 = Release|x86
		{092B386E-4C9C-4426-A7FF-0F1C93FF8909}.Release|Any CPU.ActiveCfg = Release|x86
		{092B386E-4C9C-4426-A7FF-0F1C93FF8909}.Release|ARM.ActiveCfg = Release|ARM
		{092B386E-4C9C-4426-A7FF-0F1C93FF8909}.Release|ARM.Build.0 = Release|ARM
		{092B386E-4C9C-4426-A7FF-0F1C93FF8909}.Release|ARM.Deploy.0 = Release|ARM
		{092B386E-4C9C-4426-A7FF-0F1C93FF8909}.Release|x64.ActiveCfg = Release|x64
		{092B386E-4C9C-4426-A7FF-0F1C93FF8909}.Release|x64.Build.0 = Release|x64
		{092B386E-4C9C-4426-A7FF-0F1C93FF8909}.Release|x64.Deploy.0 = Release|x64
		{092B386E-4C9C-4426-A7FF-0F1C93FF8909}.Release|x86.ActiveCfg = Release|x86
		{092B386E-4C9C-4426-A7FF-0F1C93FF8909}.Release|x86.Build.0 = Release|x86
		{092B386E-4C9C-4426-A7FF-0F1C93FF8909}.Release|x86.Deploy.0 = Release|x86
		{AE2AD0D8-E6F9-4E12-8E5E-D3385C10E2BE}.Debug|Any CPU.ActiveCfg = Debug|x86
		{AE2AD0D8-E6F9-4E12-8E5E-D3385C10E2BE}.Debug|Any CPU.Build.0 = Debug|x86
		{AE2AD0D8-E6F9-4E12-8E5E-D3385C10E2BE}.Debug|Any CPU.Deploy.0 = Debug|x86
		{AE2AD0D8-E6F9-4E12-8E5E-D3385C10E2BE}.Debug|ARM.ActiveCfg = Debug|ARM
		{AE2AD0D8-E6F9-4E12-8E5E-D3385C10E2BE}.Debug|ARM.Build.0 = Debug|ARM
		{AE2AD0D8-E6F9-4E12-8E5E-D3385C10E2BE}.Debug|ARM.Deploy.0 = Debug|ARM
		{AE2AD0D8-E6F9-4E12-8E5E-D3385C10E2BE}.Debug|x64.ActiveCfg = Debug|x64
		{AE2AD0D8-E6F9-4E12-8E5E-D3385C10E2BE}.Debug|x64.Build.0 = Debug|x64
		{AE2AD0D8-E6F9-4E12-8E5E-D3385C10E2BE}.Debug|x64.Deploy.0 = Debug|x64
		{AE2AD0D8-E6F9-4E12-8E5E-D3385C10E2BE}.Debug|x86.ActiveCfg = Debug|x86
		{AE2AD0D8-E6F9-4E12-8E5E-D3385C10E2BE}.Debug|x86.Build.0 = Debug|x86
		{AE2AD0D8-E6F9-4E12-8E5E-D3385C10E2BE}.Debug|x86.Deploy.0 = Debug|x86
		{AE2AD0D8-E6F9-4E12-8E5E-D3385C10E2BE}.Master|Any CPU.ActiveCfg = Release|x64
		{AE2AD0D8-E6F9-4E12-8E5E-D3385C10E2BE}.Master|Any CPU.Build.0 = Release|x64
		{AE2AD0D8-E6F9-4E12-8E5E-D3385C10E2BE}.Master|Any CPU.Deploy.0 = Release|x64
		{AE2AD0D8-E6F9-4E12-8E5E-D3385C10E2BE}.Master|ARM.ActiveCfg = Release|ARM
		{AE2AD0D8-E6F9-4E12-8E5E-D3385C10E2BE}.Master|ARM.Build.0 = Release|ARM
		{AE2AD0D8-E6F9-4E12-8E5E-D3385C10E2BE}.Master|ARM.Deploy.0 = Release|ARM
		{AE2AD0D8-E6F9-4E12-8E5E-D3385C10E2BE}.Master|x64.ActiveCfg = Release|x64
		{AE2AD0D8-E6F9-4E12-8E5E-D3385C10E2BE}.Master|x64.Build.0 = Release|x64
		{AE2AD0D8-E6F9-4E12-8E5E-D3385C10E2BE}.Master|x64.Deploy.0 = Release|x64
		{AE2AD0D8-E6F9-4E12-8E5E-D3385C10E2BE}.Master|x86.ActiveCfg = Release|x86
		{AE2AD0D8-E6F9-4E12-8E5E-D3385C10E2BE}.Master|x86.Build.0 = Release|x86
		{AE2AD0D8-E6F9-4E12-8E5E-D3385C10E2BE}.Master|x86.Deploy.0 = Release|x86
		{AE2AD0D8-E6F9-4E12-8E5E-D3385C10E2BE}.Release|Any CPU.ActiveCfg = Release|x86
		{AE2AD0D8-E6F9-4E12-8E5E-D3385C10E2BE}.Release|ARM.ActiveCfg = Release|ARM
		{AE2AD0D8-E6F9-4E12-8E5E-D3385C10E2BE}.Release|ARM.Build.0 = Release|ARM
		{AE2AD0D8-E6F9-4E12-8E5E-D3385C10E2BE}.Release|ARM.Deploy.0 = Release|ARM
		{AE2AD0D8-E6F9-4E12-8E5E-D3385C10E2BE}.Release|x64.ActiveCfg = Release|x64
		{AE2AD0D8-E6F9-4E12-8E5E-D3385C10E2BE}.Release|x64.Build.0 = Release|x64
		{AE2AD0D8-E6F9-4E12-8E5E-D3385C10E2BE}.Release|x64.Deploy.0 = Release|x64
		{AE2AD0D8-E6F9-4E12-8E5E-D3385C10E2BE}.Release|x86.ActiveCfg = Release|x86
		{AE2AD0D8-E6F9-4E12-8E5E-D3385C10E2BE}.Release|x86.Build.0 = Release|x86
		{AE2AD0D8-E6F9-4E12-8E5E-D3385C10E2BE}.Release|x86.Deploy.0 = Release|x86
		{95F9D9E5-2C8F-4554-8A10-6985C9A04B7D}.Debug|Any CPU.ActiveCfg = Debug|x86
		{95F9D9E5-2C8F-4554-8A10-6985C9A04B7D}.Debug|Any CPU.Build.0 = Debug|x86
		{95F9D9E5-2C8F-4554-8A10-6985C9A04B7D}.Debug|Any CPU.Deploy.0 = Debug|x86
		{95F9D9E5-2C8F-4554-8A10-6985C9A04B7D}.Debug|ARM.ActiveCfg = Debug|ARM
		{95F9D9E5-2C8F-4554-8A10-6985C9A04B7D}.Debug|ARM.Build.0 = Debug|ARM
		{95F9D9E5-2C8F-4554-8A10-6985C9A04B7D}.Debug|ARM.Deploy.0 = Debug|ARM
		{95F9D9E5-2C8F-4554-8A10-6985C9A04B7D}.Debug|x64.ActiveCfg = Debug|x64
		{95F9D9E5-2C8F-4554-8A10-6985C9A04B7D}.Debug|x64.Build.0 = Debug|x64
		{95F9D9E5-2C8F-4554-8A10-6985C9A04B7D}.Debug|x64.Deploy.0 = Debug|x64
		{95F9D9E5-2C8F-4554-8A10-6985C9A04B7D}.Debug|x86.ActiveCfg = Debug|x86
		{95F9D9E5-2C8F-4554-8A10-6985C9A04B7D}.Debug|x86.Build.0 = Debug|x86
		{95F9D9E5-2C8F-4554-8A10-6985C9A04B7D}.Debug|x86.Deploy.0 = Debug|x86
		{95F9D9E5-2C8F-4554-8A10-6985C9A04B7D}.Master|Any CPU.ActiveCfg = Release|x64
		{95F9D9E5-2C8F-4554-8A10-6985C9A04B7D}.Master|Any CPU.Build.0 = Release|x64
		{95F9D9E5-2C8F-4554-8A10-6985C9A04B7D}.Master|Any CPU.Deploy.0 = Release|x64
		{95F9D9E5-2C8F-4554-8A10-6985C9A04B7D}.Master|ARM.ActiveCfg = Release|ARM
		{95F9D9E5-2C8F-4554-8A10-6985C9A04B7D}.Master|ARM.Build.0 = Release|ARM
		{95F9D9E5-2C8F-4554-8A10-6985C9A04B7D}.Master|ARM.Deploy.0 = Release|ARM
		{95F9D9E5-2C8F-4554-8A10-6985C9A04B7D}.Master|x64.ActiveCfg = Release|x64
		{95F9D9E5-2C8F-4554-8A10-6985C9A04B7D}.Master|x64.Build.0 = Release|x64
		{95F9D9E5-2C8F-4554-8A10-6985C9A04B7D}.Master|x64.Deploy.0 = Release|x64
		{95F9D9E5-2C8F-4554-8A10-6985C9A04B7D}.Master|x86.ActiveCfg = Release|x86
		{95F9D9E5-2C8F-4554-8A10-6985C9A04B7D}.Master|x86.Build.0 = Release|x86
		{95F9D9E5-2C8F-4554-8A10-6985C9A04B7D}.Master|x86.Deploy.0 = Release|x86
		{95F9D9E5-2C8F-4554-8A10-6985C9A04B7D}.Release|Any CPU.ActiveCfg = Release|x86
		{95F9D9E5-2C8F-4554-8A10-6985C9A04B7D}.Release|ARM.ActiveCfg = Release|ARM
		{95F9D9E5-2C8F-4554-8A10-6985C9A04B7D}.Release|ARM.Build.0 = Release|ARM
		{95F9D9E5-2C8F-4554-8A10-6985C9A04B7D}.Release|ARM.Deploy.0 = Release|ARM
		{95F9D9E5-2C8F-4554-8A10-6985C9A04B7D}.Release|x64.ActiveCfg = Release|x64
		{95F9D9E5-2C8F-4554-8A10-6985C9A04B7D}.Release|x64.Build.0 = Release|x64
		{95F9D9E5-2C8F-4554-8A10-6985C9A04B7D}.Release|x64.Deploy.0 = Release|x64
		{95F9D9E5-2C8F-4554-8A10-6985C9A04B7D}.Release|x86.ActiveCfg = Release|x86
		{95F9D9E5-2C8F-4554-8A10-6985C9A04B7D}.Release|x86.Build.0 = Release|x86
		{95F9D9E5-2C8F-4554-8A10-6985C9A04B7D}.Release|x86.Deploy.0 = Release|x86
		{BEBE9B30-805F-47BF-86EF-667BD7438EED}.Debug|Any CPU.ActiveCfg = Debug|x86
		{BEBE9B30-805F-47BF-86EF-667BD7438EED}.Debug|Any CPU.Build.0 = Debug|x86
		{BEBE9B30-805F-47BF-86EF-667BD7438EED}.Debug|Any CPU.Deploy.0 = Debug|x86
		{BEBE9B30-805F-47BF-86EF-667BD7438EED}.Debug|ARM.ActiveCfg = Debug|ARM
		{BEBE9B30-805F-47BF-86EF-667BD7438EED}.Debug|ARM.Build.0 = Debug|ARM
		{BEBE9B30-805F-47BF-86EF-667BD7438EED}.Debug|ARM.Deploy.0 = Debug|ARM
		{BEBE9B30-805F-47BF-86EF-667BD7438EED}.Debug|x64.ActiveCfg = Debug|x64
		{BEBE9B30-805F-47BF-86EF-667BD7438EED}.Debug|x64.Build.0 = Debug|x64
		{BEBE9B30-805F-47BF-86EF-667BD7438EED}.Debug|x64.Deploy.0 = Debug|x64
		{BEBE9B30-805F-47BF-86EF-667BD7438EED}.Debug|x86.ActiveCfg = Debug|x86
		{BEBE9B30-805F-47BF-86EF-667BD7438EED}.Debug|x86.Build.0 = Debug|x86
		{BEBE9B30-805F-47BF-86EF-667BD7438EED}.Debug|x86.Deploy.0 = Debug|x86
		{BEBE9B30-805F-47BF-86EF-667BD7438EED}.Master|Any CPU.ActiveCfg = Release|x64
		{BEBE9B30-805F-47BF-86EF-667BD7438EED}.Master|Any CPU.Build.0 = Release|x64
		{BEBE9B30-805F-47BF-86EF-667BD7438EED}.Master|Any CPU.Deploy.0 = Release|x64
		{BEBE9B30-805F-47BF-86EF-667BD7438EED}.Master|ARM.ActiveCfg = Release|ARM
		{BEBE9B30-805F-47BF-86EF-667BD7438EED}.Master|ARM.Build.0 = Release|ARM
		{BEBE9B30-805F-47BF-86EF-667BD7438EED}.Master|ARM.Deploy.0 = Release|ARM
		{BEBE9B30-805F-47BF-86EF-667BD7438EED}.Master|x64.ActiveCfg = Release|x64
		{BEBE9B30-805F-47BF-86EF-667BD7438EED}.Master|x64.Build.0 = Release|x64
		{BEBE9B30-805F-47BF-86EF-667BD7438EED}.Master|x64.Deploy.0 = Release|x64
		{BEBE9B30-805F-47BF-86EF-667BD7438EED}.Master|x86.ActiveCfg = Release|x86
		{BEBE9B30-805F-47BF-86EF-667BD7438EED}.Master|x86.Build.0 = Release|x86
		{BEBE9B30-805F-47BF-86EF-667BD7438EED}.Master|x86.Deploy.0 = Release|x86
		{BEBE9B30-805F-47BF-86EF-667BD7438EED}.Release|Any CPU.ActiveCfg = Release|x86
		{BEBE9B30-805F-47BF-86EF-667BD7438EED}.Release|ARM.ActiveCfg = Release|ARM
		{BEBE9B30-805F-47BF-86EF-667BD7438EED}.Release|ARM.Build.0 = Release|ARM
		{BEBE9B30-805F-47BF-86EF-667BD7438EED}.Release|ARM.Deploy.0 = Release|ARM
		{BEBE9B30-805F-47BF-86EF-667BD7438EED}.Release|x64.ActiveCfg = Release|x64
		{BEBE9B30-805F-47BF-86EF-667BD7438EED}.Release|x64.Build.0 = Release|x64
		{BEBE9B30-805F-47BF-86EF-667BD7438EED}.Release|x64.Deploy.0 = Release|x64
		{BEBE9B30-805F-47BF-86EF-667BD7438EED}.Release|x86.ActiveCfg = Release|x86
		{BEBE9B30-805F-47BF-86EF-667BD7438EED}.Release|x86.Build.0 = Release|x86
		{BEBE9B30-805F-47BF-86EF-667BD7438EED}.Release|x86.Deploy.0 = Release|x86
		{400909A0-931B-4859-BFBD-0E0EA41315C6}.Debug|Any CPU.ActiveCfg = Debug|x86
		{400909A0-931B-4859-BFBD-0E0EA41315C6}.Debug|Any CPU.Build.0 = Debug|x86
		{400909A0-931B-4859-BFBD-0E0EA41315C6}.Debug|Any CPU.Deploy.0 = Debug|x86
		{400909A0-931B-4859-BFBD-0E0EA41315C6}.Debug|ARM.ActiveCfg = Debug|ARM
		{400909A0-931B-4859-BFBD-0E0EA41315C6}.Debug|ARM.Build.0 = Debug|ARM
		{400909A0-931B-4859-BFBD-0E0EA41315C6}.Debug|ARM.Deploy.0 = Debug|ARM
		{400909A0-931B-4859-BFBD-0E0EA41315C6}.Debug|x64.ActiveCfg = Debug|x64
		{400909A0-931B-4859-BFBD-0E0EA41315C6}.Debug|x64.Build.0 = Debug|x64
		{400909A0-931B-4859-BFBD-0E0EA41315C6}.Debug|x64.Deploy.0 = Debug|x64
		{400909A0-931B-4859-BFBD-0E0EA41315C6}.Debug|x86.ActiveCfg = Debug|x86
		{400909A0-931B-4859-BFBD-0E0EA41315C6}.Debug|x86.Build.0 = Debug|x86
		{400909A0-931B-4859-BFBD-0E0EA41315C6}.Debug|x86.Deploy.0 = Debug|x86
		{400909A0-931B-4859-BFBD-0E0EA41315C6}.Master|Any CPU.ActiveCfg = Release|x64
		{400909A0-931B-4859-BFBD-0E0EA41315C6}.Master|Any CPU.Build.0 = Release|x64
		{400909A0-931B-4859-BFBD-0E0EA41315C6}.Master|Any CPU.Deploy.0 = Release|x64
		{400909A0-931B-4859-BFBD-0E0EA41315C6}.Master|ARM.ActiveCfg = Release|ARM
		{400909A0-931B-4859-BFBD-0E0EA41315C6}.Master|ARM.Build.0 = Release|ARM
		{400909A0-931B-4859-BFBD-0E0EA41315C6}.Master|ARM.Deploy.0 = Release|ARM
		{400909A0-931B-4859-BFBD-0E0EA41315C6}.Master|x64.ActiveCfg = Release|x64
		{400909A0-931B-4859-BFBD-0E0EA41315C6}.Master|x64.Build.0 = Release|x64
		{400909A0-931B-4859-BFBD-0E0EA41315C6}.Master|x64.Deploy.0 = Release|x64
		{400909A0-931B-4859-BFBD-0E0EA41315C6}.Master|x86.ActiveCfg = Release|x86
		{400909A0-931B-4859-BFBD-0E0EA41315C6}.Master|x86.Build.0 = Release|x86
		{400909A0-931B-4859-BFBD-0E0EA41315C6}.Master|x86.Deploy.0 = Release|x86
		{400909A0-931B-4859-BFBD-0E0EA41315C6}.Release|Any CPU.ActiveCfg = Release|x86
		{400909A0-931B-4859-BFBD-0E0EA41315C6}.Release|Any CPU.Build.0 = Release|x86
		{400909A0-931B-4859-BFBD-0E0EA41315C6}.Release|Any CPU.Deploy.0 = Release|x86
		{400909A0-931B-4859-BFBD-0E0EA41315C6}.Release|ARM.ActiveCfg = Release|ARM
		{400909A0-931B-4859-BFBD-0E0EA41315C6}.Release|ARM.Build.0 = Release|ARM
		{400909A0-931B-4859-BFBD-0E0EA41315C6}.Release|ARM.Deploy.0 = Release|ARM
		{400909A0-931B-4859-BFBD-0E0EA41315C6}.Release|x64.ActiveCfg = Release|x64
		{400909A0-931B-4859-BFBD-0E0EA41315C6}.Release|x64.Build.0 = Release|x64
		{400909A0-931B-4859-BFBD-0E0EA41315C6}.Release|x64.Deploy.0 = Release|x64
		{400909A0-931B-4859-BFBD-0E0EA41315C6}.Release|x86.ActiveCfg = Release|x86
		{400909A0-931B-4859-BFBD-0E0EA41315C6}.Release|x86.Build.0 = Release|x86
		{400909A0-931B-4859-BFBD-0E0EA41315C6}.Release|x86.Deploy.0 = Release|x86
		{BE0C8201-1655-45C2-9DA7-ACEBAF0D4125}.Debug|Any CPU.ActiveCfg = Debug|x86
		{BE0C8201-1655-45C2-9DA7-ACEBAF0D4125}.Debug|Any CPU.Build.0 = Debug|x86
		{BE0C8201-1655-45C2-9DA7-ACEBAF0D4125}.Debug|Any CPU.Deploy.0 = Debug|x86
		{BE0C8201-1655-45C2-9DA7-ACEBAF0D4125}.Debug|ARM.ActiveCfg = Debug|ARM
		{BE0C8201-1655-45C2-9DA7-ACEBAF0D4125}.Debug|ARM.Build.0 = Debug|ARM
		{BE0C8201-1655-45C2-9DA7-ACEBAF0D4125}.Debug|ARM.Deploy.0 = Debug|ARM
		{BE0C8201-1655-45C2-9DA7-ACEBAF0D4125}.Debug|x64.ActiveCfg = Debug|x64
		{BE0C8201-1655-45C2-9DA7-ACEBAF0D4125}.Debug|x64.Build.0 = Debug|x64
		{BE0C8201-1655-45C2-9DA7-ACEBAF0D4125}.Debug|x64.Deploy.0 = Debug|x64
		{BE0C8201-1655-45C2-9DA7-ACEBAF0D4125}.Debug|x86.ActiveCfg = Debug|x86
		{BE0C8201-1655-45C2-9DA7-ACEBAF0D4125}.Debug|x86.Build.0 = Debug|x86
		{BE0C8201-1655-45C2-9DA7-ACEBAF0D4125}.Debug|x86.Deploy.0 = Debug|x86
		{BE0C8201-1655-45C2-9DA7-ACEBAF0D4125}.Master|Any CPU.ActiveCfg = Release|x64
		{BE0C8201-1655-45C2-9DA7-ACEBAF0D4125}.Master|Any CPU.Build.0 = Release|x64
		{BE0C8201-1655-45C2-9DA7-ACEBAF0D4125}.Master|Any CPU.Deploy.0 = Release|x64
		{BE0C8201-1655-45C2-9DA7-ACEBAF0D4125}.Master|ARM.ActiveCfg = Release|ARM
		{BE0C8201-1655-45C2-9DA7-ACEBAF0D4125}.Master|ARM.Build.0 = Release|ARM
		{BE0C8201-1655-45C2-9DA7-ACEBAF0D4125}.Master|ARM.Deploy.0 = Release|ARM
		{BE0C8201-1655-45C2-9DA7-ACEBAF0D4125}.Master|x64.ActiveCfg = Release|x64
		{BE0C8201-1655-45C2-9DA7-ACEBAF0D4125}.Master|x64.Build.0 = Release|x64
		{BE0C8201-1655-45C2-9DA7-ACEBAF0D4125}.Master|x64.Deploy.0 = Release|x64
		{BE0C8201-1655-45C2-9DA7-ACEBAF0D4125}.Master|x86.ActiveCfg = Release|x86
		{BE0C8201-1655-45C2-9DA7-ACEBAF0D4125}.Master|x86.Build.0 = Release|x86
		{BE0C8201-1655-45C2-9DA7-ACEBAF0D4125}.Master|x86.Deploy.0 = Release|x86
		{BE0C8201-1655-45C2-9DA7-ACEBAF0D4125}.Release|Any CPU.ActiveCfg = Release|x86
		{BE0C8201-1655-45C2-9DA7-ACEBAF0D4125}.Release|ARM.ActiveCfg = Release|ARM
		{BE0C8201-1655-45C2-9DA7-ACEBAF0D4125}.Release|ARM.Build.0 = Release|ARM
		{BE0C8201-1655-45C2-9DA7-ACEBAF0D4125}.Release|ARM.Deploy.0 = Release|ARM
		{BE0C8201-1655-45C2-9DA7-ACEBAF0D4125}.Release|x64.ActiveCfg = Release|x64
		{BE0C8201-1655-45C2-9DA7-ACEBAF0D4125}.Release|x64.Build.0 = Release|x64
		{BE0C8201-1655-45C2-9DA7-ACEBAF0D4125}.Release|x64.Deploy.0 = Release|x64
		{BE0C8201-1655-45C2-9DA7-ACEBAF0D4125}.Release|x86.ActiveCfg = Release|x86
		{BE0C8201-1655-45C2-9DA7-ACEBAF0D4125}.Release|x86.Build.0 = Release|x86
		{BE0C8201-1655-45C2-9DA7-ACEBAF0D4125}.Release|x86.Deploy.0 = Release|x86
		{D59A1B24-A8A3-4A8A-821B-78B5547E4020}.Debug|Any CPU.ActiveCfg = Debug|Win32
		{D59A1B24-A8A3-4A8A-821B-78B5547E4020}.Debug|Any CPU.Build.0 = Debug|Win32
		{D59A1B24-A8A3-4A8A-821B-78B5547E4020}.Debug|Any CPU.Deploy.0 = Debug|Win32
		{D59A1B24-A8A3-4A8A-821B-78B5547E4020}.Debug|ARM.ActiveCfg = Debug|Win32
		{D59A1B24-A8A3-4A8A-821B-78B5547E4020}.Debug|x64.ActiveCfg = Debug|x64
		{D59A1B24-A8A3-4A8A-821B-78B5547E4020}.Debug|x64.Build.0 = Debug|x64
		{D59A1B24-A8A3-4A8A-821B-78B5547E4020}.Debug|x64.Deploy.0 = Debug|x64
		{D59A1B24-A8A3-4A8A-821B-78B5547E4020}.Debug|x86.ActiveCfg = Debug|Win32
		{D59A1B24-A8A3-4A8A-821B-78B5547E4020}.Debug|x86.Build.0 = Debug|Win32
		{D59A1B24-A8A3-4A8A-821B-78B5547E4020}.Debug|x86.Deploy.0 = Debug|Win32
		{D59A1B24-A8A3-4A8A-821B-78B5547E4020}.Master|Any CPU.ActiveCfg = Release|x64
		{D59A1B24-A8A3-4A8A-821B-78B5547E4020}.Master|Any CPU.Build.0 = Release|x64
		{D59A1B24-A8A3-4A8A-821B-78B5547E4020}.Master|Any CPU.Deploy.0 = Release|x64
		{D59A1B24-A8A3-4A8A-821B-78B5547E4020}.Master|ARM.ActiveCfg = Release|x64
		{D59A1B24-A8A3-4A8A-821B-78B5547E4020}.Master|ARM.Build.0 = Release|x64
		{D59A1B24-A8A3-4A8A-821B-78B5547E4020}.Master|ARM.Deploy.0 = Release|x64
		{D59A1B24-A8A3-4A8A-821B-78B5547E4020}.Master|x64.ActiveCfg = Release|x64
		{D59A1B24-A8A3-4A8A-821B-78B5547E4020}.Master|x64.Build.0 = Release|x64
		{D59A1B24-A8A3-4A8A-821B-78B5547E4020}.Master|x64.Deploy.0 = Release|x64
		{D59A1B24-A8A3-4A8A-821B-78B5547E4020}.Master|x86.ActiveCfg = Release|Win32
		{D59A1B24-A8A3-4A8A-821B-78B5547E4020}.Master|x86.Build.0 = Release|Win32
		{D59A1B24-A8A3-4A8A-821B-78B5547E4020}.Master|x86.Deploy.0 = Release|Win32
		{D59A1B24-A8A3-4A8A-821B-78B5547E4020}.Release|Any CPU.ActiveCfg = Release|Win32
		{D59A1B24-A8A3-4A8A-821B-78B5547E4020}.Release|ARM.ActiveCfg = Release|Win32
		{D59A1B24-A8A3-4A8A-821B-78B5547E4020}.Release|x64.ActiveCfg = Release|x64
		{D59A1B24-A8A3-4A8A-821B-78B5547E4020}.Release|x64.Build.0 = Release|x64
		{D59A1B24-A8A3-4A8A-821B-78B5547E4020}.Release|x64.Deploy.0 = Release|x64
		{D59A1B24-A8A3-4A8A-821B-78B5547E4020}.Release|x86.ActiveCfg = Release|Win32
		{D59A1B24-A8A3-4A8A-821B-78B5547E4020}.Release|x86.Build.0 = Release|Win32
		{D59A1B24-A8A3-4A8A-821B-78B5547E4020}.Release|x86.Deploy.0 = Release|Win32
		{0010BDCA-C398-40ED-BC60-E5CBD3A83A1D}.Debug|Any CPU.ActiveCfg = Debug|x86
		{0010BDCA-C398-40ED-BC60-E5CBD3A83A1D}.Debug|ARM.ActiveCfg = Debug|x86
		{0010BDCA-C398-40ED-BC60-E5CBD3A83A1D}.Debug|x64.ActiveCfg = Debug|x64
		{0010BDCA-C398-40ED-BC60-E5CBD3A83A1D}.Debug|x64.Build.0 = Debug|x64
		{0010BDCA-C398-40ED-BC60-E5CBD3A83A1D}.Debug|x64.Deploy.0 = Debug|x64
		{0010BDCA-C398-40ED-BC60-E5CBD3A83A1D}.Debug|x86.ActiveCfg = Debug|x86
		{0010BDCA-C398-40ED-BC60-E5CBD3A83A1D}.Debug|x86.Build.0 = Debug|x86
		{0010BDCA-C398-40ED-BC60-E5CBD3A83A1D}.Debug|x86.Deploy.0 = Debug|x86
		{0010BDCA-C398-40ED-BC60-E5CBD3A83A1D}.Master|Any CPU.ActiveCfg = Release|x64
		{0010BDCA-C398-40ED-BC60-E5CBD3A83A1D}.Master|Any CPU.Build.0 = Release|x64
		{0010BDCA-C398-40ED-BC60-E5CBD3A83A1D}.Master|Any CPU.Deploy.0 = Release|x64
		{0010BDCA-C398-40ED-BC60-E5CBD3A83A1D}.Master|ARM.ActiveCfg = Release|x64
		{0010BDCA-C398-40ED-BC60-E5CBD3A83A1D}.Master|ARM.Build.0 = Release|x64
		{0010BDCA-C398-40ED-BC60-E5CBD3A83A1D}.Master|ARM.Deploy.0 = Release|x64
		{0010BDCA-C398-40ED-BC60-E5CBD3A83A1D}.Master|x64.ActiveCfg = Release|x64
		{0010BDCA-C398-40ED-BC60-E5CBD3A83A1D}.Master|x64.Build.0 = Release|x64
		{0010BDCA-C398-40ED-BC60-E5CBD3A83A1D}.Master|x64.Deploy.0 = Release|x64
		{0010BDCA-C398-40ED-BC60-E5CBD3A83A1D}.Master|x86.ActiveCfg = Release|x86
		{0010BDCA-C398-40ED-BC60-E5CBD3A83A1D}.Master|x86.Build.0 = Release|x86
		{0010BDCA-C398-40ED-BC60-E5CBD3A83A1D}.Master|x86.Deploy.0 = Release|x86
		{0010BDCA-C398-40ED-BC60-E5CBD3A83A1D}.Release|Any CPU.ActiveCfg = Release|x86
		{0010BDCA-C398-40ED-BC60-E5CBD3A83A1D}.Release|ARM.ActiveCfg = Release|x86
		{0010BDCA-C398-40ED-BC60-E5CBD3A83A1D}.Release|x64.ActiveCfg = Release|x64
		{0010BDCA-C398-40ED-BC60-E5CBD3A83A1D}.Release|x64.Build.0 = Release|x64
		{0010BDCA-C398-40ED-BC60-E5CBD3A83A1D}.Release|x64.Deploy.0 = Release|x64
		{0010BDCA-C398-40ED-BC60-E5CBD3A83A1D}.Release|x86.ActiveCfg = Release|x86
		{0010BDCA-C398-40ED-BC60-E5CBD3A83A1D}.Release|x86.Build.0 = Release|x86
		{0010BDCA-C398-40ED-BC60-E5CBD3A83A1D}.Release|x86.Deploy.0 = Release|x86
		{B0338C0D-A1B3-41D8-BA25-E1CDAB52DD44}.Debug|Any CPU.ActiveCfg = Debug|x86
		{B0338C0D-A1B3-41D8-BA25-E1CDAB52DD44}.Debug|Any CPU.Build.0 = Debug|x86
		{B0338C0D-A1B3-41D8-BA25-E1CDAB52DD44}.Debug|Any CPU.Deploy.0 = Debug|x86
		{B0338C0D-A1B3-41D8-BA25-E1CDAB52DD44}.Debug|ARM.ActiveCfg = Debug|ARM
		{B0338C0D-A1B3-41D8-BA25-E1CDAB52DD44}.Debug|ARM.Build.0 = Debug|ARM
		{B0338C0D-A1B3-41D8-BA25-E1CDAB52DD44}.Debug|ARM.Deploy.0 = Debug|ARM
		{B0338C0D-A1B3-41D8-BA25-E1CDAB52DD44}.Debug|x64.ActiveCfg = Debug|x64
		{B0338C0D-A1B3-41D8-BA25-E1CDAB52DD44}.Debug|x64.Build.0 = Debug|x64
		{B0338C0D-A1B3-41D8-BA25-E1CDAB52DD44}.Debug|x64.Deploy.0 = Debug|x64
		{B0338C0D-A1B3-41D8-BA25-E1CDAB52DD44}.Debug|x86.ActiveCfg = Debug|x86
		{B0338C0D-A1B3-41D8-BA25-E1CDAB52DD44}.Debug|x86.Build.0 = Debug|x86
		{B0338C0D-A1B3-41D8-BA25-E1CDAB52DD44}.Debug|x86.Deploy.0 = Debug|x86
		{B0338C0D-A1B3-41D8-BA25-E1CDAB52DD44}.Master|Any CPU.ActiveCfg = Release|x64
		{B0338C0D-A1B3-41D8-BA25-E1CDAB52DD44}.Master|Any CPU.Build.0 = Release|x64
		{B0338C0D-A1B3-41D8-BA25-E1CDAB52DD44}.Master|Any CPU.Deploy.0 = Release|x64
		{B0338C0D-A1B3-41D8-BA25-E1CDAB52DD44}.Master|ARM.ActiveCfg = Release|ARM
		{B0338C0D-A1B3-41D8-BA25-E1CDAB52DD44}.Master|ARM.Build.0 = Release|ARM
		{B0338C0D-A1B3-41D8-BA25-E1CDAB52DD44}.Master|ARM.Deploy.0 = Release|ARM
		{B0338C0D-A1B3-41D8-BA25-E1CDAB52DD44}.Master|x64.ActiveCfg = Release|x64
		{B0338C0D-A1B3-41D8-BA25-E1CDAB52DD44}.Master|x64.Build.0 = Release|x64
		{B0338C0D-A1B3-41D8-BA25-E1CDAB52DD44}.Master|x64.Deploy.0 = Release|x64
		{B0338C0D-A1B3-41D8-BA25-E1CDAB52DD44}.Master|x86.ActiveCfg = Release|x86
		{B0338C0D-A1B3-41D8-BA25-E1CDAB52DD44}.Master|x86.Build.0 = Release|x86
		{B0338C0D-A1B3-41D8-BA25-E1CDAB52DD44}.Master|x86.Deploy.0 = Release|x86
		{B0338C0D-A1B3-41D8-BA25-E1CDAB52DD44}.Release|Any CPU.ActiveCfg = Release|x86
		{B0338C0D-A1B3-41D8-BA25-E1CDAB52DD44}.Release|ARM.ActiveCfg = Release|ARM
		{B0338C0D-A1B3-41D8-BA25-E1CDAB52DD44}.Release|ARM.Build.0 = Release|ARM
		{B0338C0D-A1B3-41D8-BA25-E1CDAB52DD44}.Release|ARM.Deploy.0 = Release|ARM
		{B0338C0D-A1B3-41D8-BA25-E1CDAB52DD44}.Release|x64.ActiveCfg = Release|x64
		{B0338C0D-A1B3-41D8-BA25-E1CDAB52DD44}.Release|x64.Build.0 = Release|x64
		{B0338C0D-A1B3-41D8-BA25-E1CDAB52DD44}.Release|x64.Deploy.0 = Release|x64
		{B0338C0D-A1B3-41D8-BA25-E1CDAB52DD44}.Release|x86.ActiveCfg = Release|x86
		{B0338C0D-A1B3-41D8-BA25-E1CDAB52DD44}.Release|x86.Build.0 = Release|x86
		{B0338C0D-A1B3-41D8-BA25-E1CDAB52DD44}.Release|x86.Deploy.0 = Release|x86
	EndGlobalSection
	GlobalSection(SolutionProperties) = preSolution
		HideSolutionNode = FALSE
	EndGlobalSection
	GlobalSection(NestedProjects) = preSolution
		{8FE00301-5568-43A5-A995-CA173E8D4F98} = {483E0E30-DA34-4B82-BEE1-CBF1C1F0E160}
		{619777D3-FEDE-45B5-B4F3-017B514BDA02} = {AE4A5E3E-47CF-4C0C-A3C8-0C15C1944F0C}
		{092B386E-4C9C-4426-A7FF-0F1C93FF8909} = {1B9A0B60-03A9-4B9B-9BFB-B448130F5D41}
		{AE2AD0D8-E6F9-4E12-8E5E-D3385C10E2BE} = {024FCBA3-342D-4AB7-A96E-813CA1466E84}
		{95F9D9E5-2C8F-4554-8A10-6985C9A04B7D} = {024FCBA3-342D-4AB7-A96E-813CA1466E84}
		{BEBE9B30-805F-47BF-86EF-667BD7438EED} = {05AA68AB-E0B3-421E-B792-C34B46531EC5}
		{400909A0-931B-4859-BFBD-0E0EA41315C6} = {05AA68AB-E0B3-421E-B792-C34B46531EC5}
		{BE0C8201-1655-45C2-9DA7-ACEBAF0D4125} = {47A7D19B-1BFA-4274-890C-56C34BDCE42B}
		{D59A1B24-A8A3-4A8A-821B-78B5547E4020} = {0B9396C9-72CD-429D-B49B-203F7B532259}
		{0010BDCA-C398-40ED-BC60-E5CBD3A83A1D} = {0B9396C9-72CD-429D-B49B-203F7B532259}
		{B0338C0D-A1B3-41D8-BA25-E1CDAB52DD44} = {B90C27A4-E578-43D2-A334-027290047500}
	EndGlobalSection
	GlobalSection(ExtensibilityGlobals) = postSolution
		SolutionGuid = {696B2958-25DF-41A7-8DE9-B3384D416029}
	EndGlobalSection
EndGlobal
