
Microsoft Visual Studio Solution File, Format Version 12.00
# Visual Studio 2017
Project("{FAE04EC0-301F-11D3-BF4B-00C04F79EFBC}") = "HitTheCanGame.Plugins", "HitTheCanGame.Plugins.csproj", "{349E8B5D-5140-8D92-6557-7B8BCED1EAA8}"
EndProject
Project("{FAE04EC0-301F-11D3-BF4B-00C04F79EFBC}") = "HitTheCanGame", "HitTheCanGame.csproj", "{CD504B1B-DA4D-71B6-FE72-67CFC2123E03}"
EndProject
Project("{FAE04EC0-301F-11D3-BF4B-00C04F79EFBC}") = "HitTheCanGame.Editor.Plugins", "HitTheCanGame.Editor.Plugins.csproj", "{119054D0-2557-4200-4D42-F4793714931A}"
EndProject
Global
	GlobalSection(SolutionConfigurationPlatforms) = preSolution
		Debug|Any CPU = Debug|Any CPU
		Release|Any CPU = Release|Any CPU
	EndGlobalSection
	GlobalSection(ProjectConfigurationPlatforms) = postSolution
		{349E8B5D-5140-8D92-6557-7B8BCED1EAA8}.Debug|Any CPU.ActiveCfg = Debug|Any CPU
		{349E8B5D-5140-8D92-6557-7B8BCED1EAA8}.Debug|Any CPU.Build.0 = Debug|Any CPU
		{349E8B5D-5140-8D92-6557-7B8BCED1EAA8}.Release|Any CPU.ActiveCfg = Release|Any CPU
		{349E8B5D-5140-8D92-6557-7B8BCED1EAA8}.Release|Any CPU.Build.0 = Release|Any CPU
		{CD504B1B-DA4D-71B6-FE72-67CFC2123E03}.Debug|Any CPU.ActiveCfg = Debug|Any CPU
		{CD504B1B-DA4D-71B6-FE72-67CFC2123E03}.Debug|Any CPU.Build.0 = Debug|Any CPU
		{CD504B1B-DA4D-71B6-FE72-67CFC2123E03}.Release|Any CPU.ActiveCfg = Release|Any CPU
		{CD504B1B-DA4D-71B6-FE72-67CFC2123E03}.Release|Any CPU.Build.0 = Release|Any CPU
		{119054D0-2557-4200-4D42-F4793714931A}.Debug|Any CPU.ActiveCfg = Debug|Any CPU
		{119054D0-2557-4200-4D42-F4793714931A}.Debug|Any CPU.Build.0 = Debug|Any CPU
		{119054D0-2557-4200-4D42-F4793714931A}.Release|Any CPU.ActiveCfg = Release|Any CPU
		{119054D0-2557-4200-4D42-F4793714931A}.Release|Any CPU.Build.0 = Release|Any CPU
	EndGlobalSection
	GlobalSection(SolutionProperties) = preSolution
		HideSolutionNode = FALSE
	EndGlobalSection
EndGlobal
